
Microsoft Visual Studio Solution File, Format Version 12.00
# Visual Studio 15
VisualStudioVersion = 15.0.27130.2024
MinimumVisualStudioVersion = 10.0.40219.1
Project("{2150E333-8FDC-42A3-9474-1A3956D46DE8}") = "00簡單工廠模式 (Simple Factory Pattern)", "00簡單工廠模式 (Simple Factory Pattern)", "{FA690BD5-89CD-42DD-A5E4-F5187BD9104D}"
EndProject
Project("{2150E333-8FDC-42A3-9474-1A3956D46DE8}") = "Solution Items", "Solution Items", "{2BB2CBB2-8C1E-4328-B957-BA2A73A952C1}"
	ProjectSection(SolutionItems) = preProject
		readsme.txt = readsme.txt
	EndProjectSection
EndProject
Project("{2150E333-8FDC-42A3-9474-1A3956D46DE8}") = "01工廠方法模式 (Factory Method Pattern)", "01工廠方法模式 (Factory Method Pattern)", "{EF778FFB-878E-4280-AFBD-F7F29C15ACE5}"
EndProject
Project("{FAE04EC0-301F-11D3-BF4B-00C04F79EFBC}") = "SDP_FactoryMethodPattern", "SDP_FactoryMethodPattern\SDP_FactoryMethodPattern.csproj", "{83D6165C-F2E9-43A2-ACE1-FDC42B703B7B}"
EndProject
Project("{FAE04EC0-301F-11D3-BF4B-00C04F79EFBC}") = "SDP_SimpleFactoryPattern", "SDP_SimpleFactoryPattern\SDP_SimpleFactoryPattern.csproj", "{8DA128B6-B629-4F3D-A470-3A7ED373D6B1}"
EndProject
Project("{2150E333-8FDC-42A3-9474-1A3956D46DE8}") = "02抽象工廠模式 (Abstract Factory Pattern)", "02抽象工廠模式 (Abstract Factory Pattern)", "{94D1861F-0038-4CFD-ABC7-32DCE1684CF5}"
EndProject
Project("{FAE04EC0-301F-11D3-BF4B-00C04F79EFBC}") = "SDP_AbstractFactoryPattern", "SDP_AbstractFactoryPattern\SDP_AbstractFactoryPattern.csproj", "{0ED7FF32-E992-4E01-9CD4-C8CF8332CDE6}"
EndProject
Project("{2150E333-8FDC-42A3-9474-1A3956D46DE8}") = "03原型模式 (Prototype Pattern)", "03原型模式 (Prototype Pattern)", "{CA661EF5-691D-4E51-BBE5-947213FD5CF1}"
EndProject
Project("{FAE04EC0-301F-11D3-BF4B-00C04F79EFBC}") = "SDP_PrototypePattern", "SDP_PrototypePattern\SDP_PrototypePattern.csproj", "{C27AD5B0-C8B0-415A-89D3-4E09C83CE6E5}"
EndProject
Project("{2150E333-8FDC-42A3-9474-1A3956D46DE8}") = "14拜訪者模式(Visitor Pattern)", "14拜訪者模式(Visitor Pattern)", "{933ED4A3-D412-46CD-B6E1-14ACD645FC7A}"
EndProject
Project("{FAE04EC0-301F-11D3-BF4B-00C04F79EFBC}") = "SDP_VisitorPattern", "SDP_VisitorPattern\SDP_VisitorPattern.csproj", "{225E3224-6F2F-4BD2-A460-94D74515DD07}"
EndProject
Project("{2150E333-8FDC-42A3-9474-1A3956D46DE8}") = "19觀察者模式 (Observer Pattern)", "19觀察者模式 (Observer Pattern)", "{E71FC2A0-F7D7-41D1-BC23-1C9752266013}"
EndProject
Project("{FAE04EC0-301F-11D3-BF4B-00C04F79EFBC}") = "SDP_ObserverPattern", "SDP_ObserverPattern\SDP_ObserverPattern.csproj", "{46BB3FBA-FC54-4E9D-8A49-A77A4D375943}"
EndProject
Project("{FAE04EC0-301F-11D3-BF4B-00C04F79EFBC}") = "SDP_ObserverPattern_NewsPaper", "SDP_ObserverPattern_NewsPaper\SDP_ObserverPattern_NewsPaper.csproj", "{745A25CB-3FD4-42D9-B881-866FDFDDFA8B}"
EndProject
Project("{2150E333-8FDC-42A3-9474-1A3956D46DE8}") = "21策略模式(Strategy Pattern)", "21策略模式(Strategy Pattern)", "{C6EAE781-D5CC-477B-A5B1-A627AE497A06}"
EndProject
Project("{FAE04EC0-301F-11D3-BF4B-00C04F79EFBC}") = "SDP_StrategyPattern_CreateCar", "SDP_StrategyPattern_CreateCar\SDP_StrategyPattern_CreateCar.csproj", "{7D2A23AA-9C2A-43EE-B219-26A6D292BBF7}"
EndProject
Project("{FAE04EC0-301F-11D3-BF4B-00C04F79EFBC}") = "SDP_ObserverPattern_AspNet", "SDP_ObserverPattern_AspNet\SDP_ObserverPattern_AspNet.csproj", "{FE9518F9-B8AC-44DC-8611-B8A700274BEF}"
EndProject
Project("{2150E333-8FDC-42A3-9474-1A3956D46DE8}") = "09裝飾者模式 (Decorator Pattern)", "09裝飾者模式 (Decorator Pattern)", "{DE91E521-2C0E-4D5B-92F7-8A4C04A645B6}"
EndProject
Project("{2150E333-8FDC-42A3-9474-1A3956D46DE8}") = "06轉換器模式 (Adapter Pattern)", "06轉換器模式 (Adapter Pattern)", "{1C353EC8-D2F8-4932-9740-8D2D739E25D6}"
EndProject
Project("{2150E333-8FDC-42A3-9474-1A3956D46DE8}") = "08代理模式 (Proxy Pattern)", "08代理模式 (Proxy Pattern)", "{3E6EC1E8-D4A7-425C-9FA6-E9A09EE225B0}"
EndProject
Project("{FAE04EC0-301F-11D3-BF4B-00C04F79EFBC}") = "SDP_ProxyPattern", "SDP_ProxyPattern\SDP_ProxyPattern.csproj", "{6B75A5EF-D3E6-4411-BC94-D41E7E0A0D8F}"
EndProject
Project("{FAE04EC0-301F-11D3-BF4B-00C04F79EFBC}") = "SDP_DecoratorPattern", "SDP_DecoratorPattern\SDP_DecoratorPattern.csproj", "{382BEA2B-B278-46FF-82BF-D103A79BA00D}"
EndProject
Project("{FAE04EC0-301F-11D3-BF4B-00C04F79EFBC}") = "SDP_AdapterPattern", "SDP_AdapterPattern\SDP_AdapterPattern.csproj", "{13AE3062-C72C-4681-A813-50061AD31CCF}"
EndProject
Project("{2150E333-8FDC-42A3-9474-1A3956D46DE8}") = "04建造者模式(Builder Pattern)", "04建造者模式(Builder Pattern)", "{FC6AD810-4CEC-418E-84F9-DA1C7DB6EB5B}"
EndProject
Project("{2150E333-8FDC-42A3-9474-1A3956D46DE8}") = "05單利模式(Singleton Pattern)", "05單利模式(Singleton Pattern)", "{A26E4F99-AABF-4A51-89DA-1599826E58D5}"
EndProject
Project("{2150E333-8FDC-42A3-9474-1A3956D46DE8}") = "07表象(外觀)模式(Facade Pattern)", "07表象(外觀)模式(Facade Pattern)", "{30EECB4E-6846-4411-B9DD-2CFD1E4B623B}"
EndProject
Project("{2150E333-8FDC-42A3-9474-1A3956D46DE8}") = "10合成模式(Composite Pattern)", "10合成模式(Composite Pattern)", "{9A48E7DD-0F1D-4ED0-9590-96A39E6D46B2}"
EndProject
Project("{2150E333-8FDC-42A3-9474-1A3956D46DE8}") = "11蠅量級(享元)模式(Flyweight Pattern)", "11蠅量級(享元)模式(Flyweight Pattern)", "{31FB4B36-BF63-44F6-A5F5-2663B0D3ADDF}"
EndProject
Project("{2150E333-8FDC-42A3-9474-1A3956D46DE8}") = "12橋樑模式(Bridge Pattern)", "12橋樑模式(Bridge Pattern)", "{CDEB2FCC-164C-411E-90B3-522DE45C0885}"
EndProject
Project("{2150E333-8FDC-42A3-9474-1A3956D46DE8}") = "13命令模式(Command Pattern)", "13命令模式(Command Pattern)", "{84163F29-62B0-4905-B251-0D97916B3D82}"
EndProject
Project("{2150E333-8FDC-42A3-9474-1A3956D46DE8}") = "15解譯器模式(Interpreter Pattern)", "15解譯器模式(Interpreter Pattern)", "{A2716C7E-5E46-4148-8A6D-DC2091BF8409}"
EndProject
Project("{2150E333-8FDC-42A3-9474-1A3956D46DE8}") = "16走訪器模式(Iterator Pattern)", "16走訪器模式(Iterator Pattern)", "{EB7093A4-4D08-4806-9074-B2C64A2232CB}"
EndProject
Project("{2150E333-8FDC-42A3-9474-1A3956D46DE8}") = "17中介者模式(Mediator Pattern)", "17中介者模式(Mediator Pattern)", "{41C3BDAC-0D93-49A8-A58A-21E49EAA3D0D}"
EndProject
Project("{2150E333-8FDC-42A3-9474-1A3956D46DE8}") = "18備忘錄模式(Memento Pattern)", "18備忘錄模式(Memento Pattern)", "{1784F834-7AC8-411F-81C0-06A031A03385}"
EndProject
Project("{2150E333-8FDC-42A3-9474-1A3956D46DE8}") = "20狀態模式(State Pattern)", "20狀態模式(State Pattern)", "{207FA3AE-2D20-40DE-B5D9-6396A10E6627}"
EndProject
Project("{2150E333-8FDC-42A3-9474-1A3956D46DE8}") = "22樣板方法模式(Template Method Pattern)", "22樣板方法模式(Template Method Pattern)", "{40F5BED9-DA67-452D-92E5-140899A958FD}"
EndProject
Project("{2150E333-8FDC-42A3-9474-1A3956D46DE8}") = "23責任鍊模式(Chain Of Responsibility Pattern)", "23責任鍊模式(Chain Of Responsibility Pattern)", "{86E1CE7E-7714-4678-A687-7AC5DF593BB3}"
EndProject
Project("{FAE04EC0-301F-11D3-BF4B-00C04F79EFBC}") = "SDP_MediatorPattern", "SDP_MediatorPattern\SDP_MediatorPattern.csproj", "{84E26FAA-DE18-4611-8F5E-04C771D95B1E}"
EndProject
Project("{FAE04EC0-301F-11D3-BF4B-00C04F79EFBC}") = "SDP_CompositePattern", "SDP_CompositePattern\SDP_CompositePattern.csproj", "{8116F9DD-1610-4109-B479-7537150A0B6D}"
EndProject
Project("{FAE04EC0-301F-11D3-BF4B-00C04F79EFBC}") = "SDP_ObserverPattern_UML", "SDP_ObserverPattern_UML\SDP_ObserverPattern_UML.csproj", "{F84D0E66-694D-456F-9CBB-61EAED281E72}"
EndProject
Project("{FAE04EC0-301F-11D3-BF4B-00C04F79EFBC}") = "SDP_IteratorPattern", "SDP_IteratorPattern\SDP_IteratorPattern.csproj", "{7C1E6F41-6195-46B8-9F1F-AA26DA70FEEF}"
EndProject
Project("{FAE04EC0-301F-11D3-BF4B-00C04F79EFBC}") = "SDP_CommandPattern", "SDP_CommandPattern\SDP_CommandPattern.csproj", "{3980C404-3D75-4B69-8BD2-29E0D5D2D6D1}"
EndProject
Project("{FAE04EC0-301F-11D3-BF4B-00C04F79EFBC}") = "SDP_StatePattern", "SDP_StatePattern\SDP_StatePattern.csproj", "{17E8139C-6A16-4D7B-94F0-E974D1C36CCA}"
EndProject
Project("{FAE04EC0-301F-11D3-BF4B-00C04F79EFBC}") = "SDP_FacadePattern", "SDP_FacadePattern\SDP_FacadePattern.csproj", "{2063B051-0A70-4294-A9A3-D840ECEFC029}"
EndProject
Project("{FAE04EC0-301F-11D3-BF4B-00C04F79EFBC}") = "SDP_BuilderPattern", "SDP_BuilderPattern\SDP_BuilderPattern.csproj", "{46459B56-B80A-495A-9D3D-9F0DD5579467}"
EndProject
Project("{FAE04EC0-301F-11D3-BF4B-00C04F79EFBC}") = "SDP_ChainOfResponsibilityPattern", "SDP_ChainOfResponsibilityPattern\SDP_ChainOfResponsibilityPattern.csproj", "{9DEFA305-B4D2-4180-93FF-436C80FED6F4}"
EndProject
Project("{FAE04EC0-301F-11D3-BF4B-00C04F79EFBC}") = "SDP_MementoPattern", "SDP_MementoPattern\SDP_MementoPattern.csproj", "{065E9F3D-F2F4-4385-B681-5E9C0A6110F5}"
EndProject
Project("{FAE04EC0-301F-11D3-BF4B-00C04F79EFBC}") = "SDP_SingletonPattern", "SDP_SingletonPattern\SDP_SingletonPattern.csproj", "{1AB4839E-81FD-49EB-AB89-C8A491523747}"
EndProject
Project("{FAE04EC0-301F-11D3-BF4B-00C04F79EFBC}") = "SDP_InterpreterPattern", "SDP_InterpreterPattern\SDP_InterpreterPattern.csproj", "{A3CCD93A-9A0E-44B3-81DB-FC21811FC4F9}"
EndProject
Project("{FAE04EC0-301F-11D3-BF4B-00C04F79EFBC}") = "SDP_TemplateMethodPattern", "SDP_TemplateMethodPattern\SDP_TemplateMethodPattern.csproj", "{DA37D981-C423-466D-9AB4-B0D0E69CD210}"
EndProject
Project("{FAE04EC0-301F-11D3-BF4B-00C04F79EFBC}") = "SDP_BridgePattern", "SDP_BridgePattern\SDP_BridgePattern.csproj", "{740AFFB3-12E6-42B1-A3FA-4110F3B6F7E5}"
EndProject
Project("{FAE04EC0-301F-11D3-BF4B-00C04F79EFBC}") = "SDP_FlyweightPattern", "SDP_FlyweightPattern\SDP_FlyweightPattern.csproj", "{29A8D32F-9486-429C-96B9-209410C1E091}"
EndProject
Global
	GlobalSection(SolutionConfigurationPlatforms) = preSolution
		Debug|Any CPU = Debug|Any CPU
		Release|Any CPU = Release|Any CPU
	EndGlobalSection
	GlobalSection(ProjectConfigurationPlatforms) = postSolution
		{83D6165C-F2E9-43A2-ACE1-FDC42B703B7B}.Debug|Any CPU.ActiveCfg = Debug|Any CPU
		{83D6165C-F2E9-43A2-ACE1-FDC42B703B7B}.Debug|Any CPU.Build.0 = Debug|Any CPU
		{83D6165C-F2E9-43A2-ACE1-FDC42B703B7B}.Release|Any CPU.ActiveCfg = Release|Any CPU
		{83D6165C-F2E9-43A2-ACE1-FDC42B703B7B}.Release|Any CPU.Build.0 = Release|Any CPU
		{8DA128B6-B629-4F3D-A470-3A7ED373D6B1}.Debug|Any CPU.ActiveCfg = Debug|Any CPU
		{8DA128B6-B629-4F3D-A470-3A7ED373D6B1}.Debug|Any CPU.Build.0 = Debug|Any CPU
		{8DA128B6-B629-4F3D-A470-3A7ED373D6B1}.Release|Any CPU.ActiveCfg = Release|Any CPU
		{8DA128B6-B629-4F3D-A470-3A7ED373D6B1}.Release|Any CPU.Build.0 = Release|Any CPU
		{0ED7FF32-E992-4E01-9CD4-C8CF8332CDE6}.Debug|Any CPU.ActiveCfg = Debug|Any CPU
		{0ED7FF32-E992-4E01-9CD4-C8CF8332CDE6}.Debug|Any CPU.Build.0 = Debug|Any CPU
		{0ED7FF32-E992-4E01-9CD4-C8CF8332CDE6}.Release|Any CPU.ActiveCfg = Release|Any CPU
		{0ED7FF32-E992-4E01-9CD4-C8CF8332CDE6}.Release|Any CPU.Build.0 = Release|Any CPU
		{C27AD5B0-C8B0-415A-89D3-4E09C83CE6E5}.Debug|Any CPU.ActiveCfg = Debug|Any CPU
		{C27AD5B0-C8B0-415A-89D3-4E09C83CE6E5}.Debug|Any CPU.Build.0 = Debug|Any CPU
		{C27AD5B0-C8B0-415A-89D3-4E09C83CE6E5}.Release|Any CPU.ActiveCfg = Release|Any CPU
		{C27AD5B0-C8B0-415A-89D3-4E09C83CE6E5}.Release|Any CPU.Build.0 = Release|Any CPU
		{225E3224-6F2F-4BD2-A460-94D74515DD07}.Debug|Any CPU.ActiveCfg = Debug|Any CPU
		{225E3224-6F2F-4BD2-A460-94D74515DD07}.Debug|Any CPU.Build.0 = Debug|Any CPU
		{225E3224-6F2F-4BD2-A460-94D74515DD07}.Release|Any CPU.ActiveCfg = Release|Any CPU
		{225E3224-6F2F-4BD2-A460-94D74515DD07}.Release|Any CPU.Build.0 = Release|Any CPU
		{46BB3FBA-FC54-4E9D-8A49-A77A4D375943}.Debug|Any CPU.ActiveCfg = Debug|Any CPU
		{46BB3FBA-FC54-4E9D-8A49-A77A4D375943}.Debug|Any CPU.Build.0 = Debug|Any CPU
		{46BB3FBA-FC54-4E9D-8A49-A77A4D375943}.Release|Any CPU.ActiveCfg = Release|Any CPU
		{46BB3FBA-FC54-4E9D-8A49-A77A4D375943}.Release|Any CPU.Build.0 = Release|Any CPU
		{745A25CB-3FD4-42D9-B881-866FDFDDFA8B}.Debug|Any CPU.ActiveCfg = Debug|Any CPU
		{745A25CB-3FD4-42D9-B881-866FDFDDFA8B}.Debug|Any CPU.Build.0 = Debug|Any CPU
		{745A25CB-3FD4-42D9-B881-866FDFDDFA8B}.Release|Any CPU.ActiveCfg = Release|Any CPU
		{745A25CB-3FD4-42D9-B881-866FDFDDFA8B}.Release|Any CPU.Build.0 = Release|Any CPU
		{7D2A23AA-9C2A-43EE-B219-26A6D292BBF7}.Debug|Any CPU.ActiveCfg = Debug|Any CPU
		{7D2A23AA-9C2A-43EE-B219-26A6D292BBF7}.Debug|Any CPU.Build.0 = Debug|Any CPU
		{7D2A23AA-9C2A-43EE-B219-26A6D292BBF7}.Release|Any CPU.ActiveCfg = Release|Any CPU
		{7D2A23AA-9C2A-43EE-B219-26A6D292BBF7}.Release|Any CPU.Build.0 = Release|Any CPU
		{FE9518F9-B8AC-44DC-8611-B8A700274BEF}.Debug|Any CPU.ActiveCfg = Debug|Any CPU
		{FE9518F9-B8AC-44DC-8611-B8A700274BEF}.Debug|Any CPU.Build.0 = Debug|Any CPU
		{FE9518F9-B8AC-44DC-8611-B8A700274BEF}.Release|Any CPU.ActiveCfg = Release|Any CPU
		{FE9518F9-B8AC-44DC-8611-B8A700274BEF}.Release|Any CPU.Build.0 = Release|Any CPU
		{6B75A5EF-D3E6-4411-BC94-D41E7E0A0D8F}.Debug|Any CPU.ActiveCfg = Debug|Any CPU
		{6B75A5EF-D3E6-4411-BC94-D41E7E0A0D8F}.Debug|Any CPU.Build.0 = Debug|Any CPU
		{6B75A5EF-D3E6-4411-BC94-D41E7E0A0D8F}.Release|Any CPU.ActiveCfg = Release|Any CPU
		{6B75A5EF-D3E6-4411-BC94-D41E7E0A0D8F}.Release|Any CPU.Build.0 = Release|Any CPU
		{382BEA2B-B278-46FF-82BF-D103A79BA00D}.Debug|Any CPU.ActiveCfg = Debug|Any CPU
		{382BEA2B-B278-46FF-82BF-D103A79BA00D}.Debug|Any CPU.Build.0 = Debug|Any CPU
		{382BEA2B-B278-46FF-82BF-D103A79BA00D}.Release|Any CPU.ActiveCfg = Release|Any CPU
		{382BEA2B-B278-46FF-82BF-D103A79BA00D}.Release|Any CPU.Build.0 = Release|Any CPU
		{13AE3062-C72C-4681-A813-50061AD31CCF}.Debug|Any CPU.ActiveCfg = Debug|Any CPU
		{13AE3062-C72C-4681-A813-50061AD31CCF}.Debug|Any CPU.Build.0 = Debug|Any CPU
		{13AE3062-C72C-4681-A813-50061AD31CCF}.Release|Any CPU.ActiveCfg = Release|Any CPU
		{13AE3062-C72C-4681-A813-50061AD31CCF}.Release|Any CPU.Build.0 = Release|Any CPU
		{84E26FAA-DE18-4611-8F5E-04C771D95B1E}.Debug|Any CPU.ActiveCfg = Debug|Any CPU
		{84E26FAA-DE18-4611-8F5E-04C771D95B1E}.Debug|Any CPU.Build.0 = Debug|Any CPU
		{84E26FAA-DE18-4611-8F5E-04C771D95B1E}.Release|Any CPU.ActiveCfg = Release|Any CPU
		{84E26FAA-DE18-4611-8F5E-04C771D95B1E}.Release|Any CPU.Build.0 = Release|Any CPU
		{8116F9DD-1610-4109-B479-7537150A0B6D}.Debug|Any CPU.ActiveCfg = Debug|Any CPU
		{8116F9DD-1610-4109-B479-7537150A0B6D}.Debug|Any CPU.Build.0 = Debug|Any CPU
		{8116F9DD-1610-4109-B479-7537150A0B6D}.Release|Any CPU.ActiveCfg = Release|Any CPU
		{8116F9DD-1610-4109-B479-7537150A0B6D}.Release|Any CPU.Build.0 = Release|Any CPU
		{F84D0E66-694D-456F-9CBB-61EAED281E72}.Debug|Any CPU.ActiveCfg = Debug|Any CPU
		{F84D0E66-694D-456F-9CBB-61EAED281E72}.Debug|Any CPU.Build.0 = Debug|Any CPU
		{F84D0E66-694D-456F-9CBB-61EAED281E72}.Release|Any CPU.ActiveCfg = Release|Any CPU
		{F84D0E66-694D-456F-9CBB-61EAED281E72}.Release|Any CPU.Build.0 = Release|Any CPU
		{7C1E6F41-6195-46B8-9F1F-AA26DA70FEEF}.Debug|Any CPU.ActiveCfg = Debug|Any CPU
		{7C1E6F41-6195-46B8-9F1F-AA26DA70FEEF}.Debug|Any CPU.Build.0 = Debug|Any CPU
		{7C1E6F41-6195-46B8-9F1F-AA26DA70FEEF}.Release|Any CPU.ActiveCfg = Release|Any CPU
		{7C1E6F41-6195-46B8-9F1F-AA26DA70FEEF}.Release|Any CPU.Build.0 = Release|Any CPU
		{3980C404-3D75-4B69-8BD2-29E0D5D2D6D1}.Debug|Any CPU.ActiveCfg = Debug|Any CPU
		{3980C404-3D75-4B69-8BD2-29E0D5D2D6D1}.Debug|Any CPU.Build.0 = Debug|Any CPU
		{3980C404-3D75-4B69-8BD2-29E0D5D2D6D1}.Release|Any CPU.ActiveCfg = Release|Any CPU
		{3980C404-3D75-4B69-8BD2-29E0D5D2D6D1}.Release|Any CPU.Build.0 = Release|Any CPU
		{17E8139C-6A16-4D7B-94F0-E974D1C36CCA}.Debug|Any CPU.ActiveCfg = Debug|Any CPU
		{17E8139C-6A16-4D7B-94F0-E974D1C36CCA}.Debug|Any CPU.Build.0 = Debug|Any CPU
		{17E8139C-6A16-4D7B-94F0-E974D1C36CCA}.Release|Any CPU.ActiveCfg = Release|Any CPU
		{17E8139C-6A16-4D7B-94F0-E974D1C36CCA}.Release|Any CPU.Build.0 = Release|Any CPU
		{2063B051-0A70-4294-A9A3-D840ECEFC029}.Debug|Any CPU.ActiveCfg = Debug|Any CPU
		{2063B051-0A70-4294-A9A3-D840ECEFC029}.Debug|Any CPU.Build.0 = Debug|Any CPU
		{2063B051-0A70-4294-A9A3-D840ECEFC029}.Release|Any CPU.ActiveCfg = Release|Any CPU
		{2063B051-0A70-4294-A9A3-D840ECEFC029}.Release|Any CPU.Build.0 = Release|Any CPU
		{46459B56-B80A-495A-9D3D-9F0DD5579467}.Debug|Any CPU.ActiveCfg = Debug|Any CPU
		{46459B56-B80A-495A-9D3D-9F0DD5579467}.Debug|Any CPU.Build.0 = Debug|Any CPU
		{46459B56-B80A-495A-9D3D-9F0DD5579467}.Release|Any CPU.ActiveCfg = Release|Any CPU
		{46459B56-B80A-495A-9D3D-9F0DD5579467}.Release|Any CPU.Build.0 = Release|Any CPU
		{9DEFA305-B4D2-4180-93FF-436C80FED6F4}.Debug|Any CPU.ActiveCfg = Debug|Any CPU
		{9DEFA305-B4D2-4180-93FF-436C80FED6F4}.Debug|Any CPU.Build.0 = Debug|Any CPU
		{9DEFA305-B4D2-4180-93FF-436C80FED6F4}.Release|Any CPU.ActiveCfg = Release|Any CPU
		{9DEFA305-B4D2-4180-93FF-436C80FED6F4}.Release|Any CPU.Build.0 = Release|Any CPU
		{065E9F3D-F2F4-4385-B681-5E9C0A6110F5}.Debug|Any CPU.ActiveCfg = Debug|Any CPU
		{065E9F3D-F2F4-4385-B681-5E9C0A6110F5}.Debug|Any CPU.Build.0 = Debug|Any CPU
		{065E9F3D-F2F4-4385-B681-5E9C0A6110F5}.Release|Any CPU.ActiveCfg = Release|Any CPU
		{065E9F3D-F2F4-4385-B681-5E9C0A6110F5}.Release|Any CPU.Build.0 = Release|Any CPU
		{1AB4839E-81FD-49EB-AB89-C8A491523747}.Debug|Any CPU.ActiveCfg = Debug|Any CPU
		{1AB4839E-81FD-49EB-AB89-C8A491523747}.Debug|Any CPU.Build.0 = Debug|Any CPU
		{1AB4839E-81FD-49EB-AB89-C8A491523747}.Release|Any CPU.ActiveCfg = Release|Any CPU
		{1AB4839E-81FD-49EB-AB89-C8A491523747}.Release|Any CPU.Build.0 = Release|Any CPU
		{A3CCD93A-9A0E-44B3-81DB-FC21811FC4F9}.Debug|Any CPU.ActiveCfg = Debug|Any CPU
		{A3CCD93A-9A0E-44B3-81DB-FC21811FC4F9}.Debug|Any CPU.Build.0 = Debug|Any CPU
		{A3CCD93A-9A0E-44B3-81DB-FC21811FC4F9}.Release|Any CPU.ActiveCfg = Release|Any CPU
		{A3CCD93A-9A0E-44B3-81DB-FC21811FC4F9}.Release|Any CPU.Build.0 = Release|Any CPU
		{DA37D981-C423-466D-9AB4-B0D0E69CD210}.Debug|Any CPU.ActiveCfg = Debug|Any CPU
		{DA37D981-C423-466D-9AB4-B0D0E69CD210}.Debug|Any CPU.Build.0 = Debug|Any CPU
		{DA37D981-C423-466D-9AB4-B0D0E69CD210}.Release|Any CPU.ActiveCfg = Release|Any CPU
		{DA37D981-C423-466D-9AB4-B0D0E69CD210}.Release|Any CPU.Build.0 = Release|Any CPU
		{740AFFB3-12E6-42B1-A3FA-4110F3B6F7E5}.Debug|Any CPU.ActiveCfg = Debug|Any CPU
		{740AFFB3-12E6-42B1-A3FA-4110F3B6F7E5}.Debug|Any CPU.Build.0 = Debug|Any CPU
		{740AFFB3-12E6-42B1-A3FA-4110F3B6F7E5}.Release|Any CPU.ActiveCfg = Release|Any CPU
		{740AFFB3-12E6-42B1-A3FA-4110F3B6F7E5}.Release|Any CPU.Build.0 = Release|Any CPU
		{29A8D32F-9486-429C-96B9-209410C1E091}.Debug|Any CPU.ActiveCfg = Debug|Any CPU
		{29A8D32F-9486-429C-96B9-209410C1E091}.Debug|Any CPU.Build.0 = Debug|Any CPU
		{29A8D32F-9486-429C-96B9-209410C1E091}.Release|Any CPU.ActiveCfg = Release|Any CPU
		{29A8D32F-9486-429C-96B9-209410C1E091}.Release|Any CPU.Build.0 = Release|Any CPU
	EndGlobalSection
	GlobalSection(SolutionProperties) = preSolution
		HideSolutionNode = FALSE
	EndGlobalSection
	GlobalSection(NestedProjects) = preSolution
		{83D6165C-F2E9-43A2-ACE1-FDC42B703B7B} = {EF778FFB-878E-4280-AFBD-F7F29C15ACE5}
		{8DA128B6-B629-4F3D-A470-3A7ED373D6B1} = {FA690BD5-89CD-42DD-A5E4-F5187BD9104D}
		{0ED7FF32-E992-4E01-9CD4-C8CF8332CDE6} = {94D1861F-0038-4CFD-ABC7-32DCE1684CF5}
		{C27AD5B0-C8B0-415A-89D3-4E09C83CE6E5} = {CA661EF5-691D-4E51-BBE5-947213FD5CF1}
		{225E3224-6F2F-4BD2-A460-94D74515DD07} = {933ED4A3-D412-46CD-B6E1-14ACD645FC7A}
		{46BB3FBA-FC54-4E9D-8A49-A77A4D375943} = {E71FC2A0-F7D7-41D1-BC23-1C9752266013}
		{745A25CB-3FD4-42D9-B881-866FDFDDFA8B} = {E71FC2A0-F7D7-41D1-BC23-1C9752266013}
		{7D2A23AA-9C2A-43EE-B219-26A6D292BBF7} = {C6EAE781-D5CC-477B-A5B1-A627AE497A06}
		{FE9518F9-B8AC-44DC-8611-B8A700274BEF} = {E71FC2A0-F7D7-41D1-BC23-1C9752266013}
		{6B75A5EF-D3E6-4411-BC94-D41E7E0A0D8F} = {3E6EC1E8-D4A7-425C-9FA6-E9A09EE225B0}
		{382BEA2B-B278-46FF-82BF-D103A79BA00D} = {DE91E521-2C0E-4D5B-92F7-8A4C04A645B6}
		{13AE3062-C72C-4681-A813-50061AD31CCF} = {1C353EC8-D2F8-4932-9740-8D2D739E25D6}
		{84E26FAA-DE18-4611-8F5E-04C771D95B1E} = {41C3BDAC-0D93-49A8-A58A-21E49EAA3D0D}
		{8116F9DD-1610-4109-B479-7537150A0B6D} = {9A48E7DD-0F1D-4ED0-9590-96A39E6D46B2}
		{F84D0E66-694D-456F-9CBB-61EAED281E72} = {E71FC2A0-F7D7-41D1-BC23-1C9752266013}
		{7C1E6F41-6195-46B8-9F1F-AA26DA70FEEF} = {EB7093A4-4D08-4806-9074-B2C64A2232CB}
		{3980C404-3D75-4B69-8BD2-29E0D5D2D6D1} = {84163F29-62B0-4905-B251-0D97916B3D82}
		{17E8139C-6A16-4D7B-94F0-E974D1C36CCA} = {207FA3AE-2D20-40DE-B5D9-6396A10E6627}
		{2063B051-0A70-4294-A9A3-D840ECEFC029} = {30EECB4E-6846-4411-B9DD-2CFD1E4B623B}
		{46459B56-B80A-495A-9D3D-9F0DD5579467} = {FC6AD810-4CEC-418E-84F9-DA1C7DB6EB5B}
		{9DEFA305-B4D2-4180-93FF-436C80FED6F4} = {86E1CE7E-7714-4678-A687-7AC5DF593BB3}
		{065E9F3D-F2F4-4385-B681-5E9C0A6110F5} = {1784F834-7AC8-411F-81C0-06A031A03385}
		{1AB4839E-81FD-49EB-AB89-C8A491523747} = {A26E4F99-AABF-4A51-89DA-1599826E58D5}
		{A3CCD93A-9A0E-44B3-81DB-FC21811FC4F9} = {A2716C7E-5E46-4148-8A6D-DC2091BF8409}
		{DA37D981-C423-466D-9AB4-B0D0E69CD210} = {40F5BED9-DA67-452D-92E5-140899A958FD}
		{740AFFB3-12E6-42B1-A3FA-4110F3B6F7E5} = {CDEB2FCC-164C-411E-90B3-522DE45C0885}
		{29A8D32F-9486-429C-96B9-209410C1E091} = {31FB4B36-BF63-44F6-A5F5-2663B0D3ADDF}
	EndGlobalSection
	GlobalSection(ExtensibilityGlobals) = postSolution
		SolutionGuid = {B72F82B9-F146-470C-AC75-331BCA586DE6}
	EndGlobalSection
EndGlobal
